
Microsoft Visual Studio Solution File, Format Version 12.00
# Visual Studio Version 16
VisualStudioVersion = 16.0.31005.135
MinimumVisualStudioVersion = 10.0.40219.1
Project("{8BC9CEB8-8B4A-11D0-8D11-00A0C91BC942}") = "Core", "Core\Core.vcxproj", "{01372FA9-8463-4736-A46F-98683C958DDB}"
EndProject
Project("{8BC9CEB8-8B4A-11D0-8D11-00A0C91BC942}") = "Win32TestApp", "Win32TestApp\Win32TestApp.vcxproj", "{DEC457E0-0EC4-4147-8D31-5E129E7EA60B}"
	ProjectSection(ProjectDependencies) = postProject
		{01372FA9-8463-4736-A46F-98683C958DDB} = {01372FA9-8463-4736-A46F-98683C958DDB}
	EndProjectSection
EndProject
Global
	GlobalSection(SolutionConfigurationPlatforms) = preSolution
		Debug|x64 = Debug|x64
		Debug|x86 = Debug|x86
		Release|x64 = Release|x64
		Release|x86 = Release|x86
		Test|x64 = Test|x64
		Test|x86 = Test|x86
	EndGlobalSection
	GlobalSection(ProjectConfigurationPlatforms) = postSolution
		{01372FA9-8463-4736-A46F-98683C958DDB}.Debug|x64.ActiveCfg = Debug|x64
		{01372FA9-8463-4736-A46F-98683C958DDB}.Debug|x64.Build.0 = Debug|x64
		{01372FA9-8463-4736-A46F-98683C958DDB}.Debug|x86.ActiveCfg = Debug|Win32
		{01372FA9-8463-4736-A46F-98683C958DDB}.Debug|x86.Build.0 = Debug|Win32
		{01372FA9-8463-4736-A46F-98683C958DDB}.Release|x64.ActiveCfg = Release|x64
		{01372FA9-8463-4736-A46F-98683C958DDB}.Release|x64.Build.0 = Release|x64
		{01372FA9-8463-4736-A46F-98683C958DDB}.Release|x86.ActiveCfg = Release|Win32
		{01372FA9-8463-4736-A46F-98683C958DDB}.Release|x86.Build.0 = Release|Win32
		{01372FA9-8463-4736-A46F-98683C958DDB}.Test|x64.ActiveCfg = MakeLib|x64
		{01372FA9-8463-4736-A46F-98683C958DDB}.Test|x64.Build.0 = MakeLib|x64
		{01372FA9-8463-4736-A46F-98683C958DDB}.Test|x86.ActiveCfg = MakeLib|Win32
		{01372FA9-8463-4736-A46F-98683C958DDB}.Test|x86.Build.0 = MakeLib|Win32
		{DEC457E0-0EC4-4147-8D31-5E129E7EA60B}.Debug|x64.ActiveCfg = Debug|x64
		{DEC457E0-0EC4-4147-8D31-5E129E7EA60B}.Debug|x64.Build.0 = Debug|x64
		{DEC457E0-0EC4-4147-8D31-5E129E7EA60B}.Debug|x86.ActiveCfg = Debug|Win32
		{DEC457E0-0EC4-4147-8D31-5E129E7EA60B}.Debug|x86.Build.0 = Debug|Win32
		{DEC457E0-0EC4-4147-8D31-5E129E7EA60B}.Release|x64.ActiveCfg = Release|x64
		{DEC457E0-0EC4-4147-8D31-5E129E7EA60B}.Release|x64.Build.0 = Release|x64
		{DEC457E0-0EC4-4147-8D31-5E129E7EA60B}.Release|x86.ActiveCfg = Release|Win32
		{DEC457E0-0EC4-4147-8D31-5E129E7EA60B}.Release|x86.Build.0 = Release|Win32
		{DEC457E0-0EC4-4147-8D31-5E129E7EA60B}.Test|x64.ActiveCfg = Debug|x64
		{DEC457E0-0EC4-4147-8D31-5E129E7EA60B}.Test|x64.Build.0 = Debug|x64
		{DEC457E0-0EC4-4147-8D31-5E129E7EA60B}.Test|x86.ActiveCfg = Debug|Win32
		{DEC457E0-0EC4-4147-8D31-5E129E7EA60B}.Test|x86.Build.0 = Debug|Win32
	EndGlobalSection
	GlobalSection(SolutionProperties) = preSolution
		HideSolutionNode = FALSE
	EndGlobalSection
	GlobalSection(ExtensibilityGlobals) = postSolution
		SolutionGuid = {2A900231-8FA9-4EDA-9FF5-365DA9F7CD3A}
	EndGlobalSection
EndGlobal
